
Microsoft Visual Studio Solution File, Format Version 12.00
# Visual Studio Version 16
VisualStudioVersion = 16.0.31112.23
MinimumVisualStudioVersion = 10.0.40219.1
Project("{FAE04EC0-301F-11D3-BF4B-00C04F79EFBC}") = "TrabajoB", "TrabajoB\TrabajoB.csproj", "{0347EEBE-8A0D-4F7A-AE0B-1DA22B581395}"
EndProject
Global
	GlobalSection(SolutionConfigurationPlatforms) = preSolution
		Debug|Any CPU = Debug|Any CPU
		Release|Any CPU = Release|Any CPU
	EndGlobalSection
	GlobalSection(ProjectConfigurationPlatforms) = postSolution
		{0347EEBE-8A0D-4F7A-AE0B-1DA22B581395}.Debug|Any CPU.ActiveCfg = Debug|Any CPU
		{0347EEBE-8A0D-4F7A-AE0B-1DA22B581395}.Debug|Any CPU.Build.0 = Debug|Any CPU
		{0347EEBE-8A0D-4F7A-AE0B-1DA22B581395}.Release|Any CPU.ActiveCfg = Release|Any CPU
		{0347EEBE-8A0D-4F7A-AE0B-1DA22B581395}.Release|Any CPU.Build.0 = Release|Any CPU
	EndGlobalSection
	GlobalSection(SolutionProperties) = preSolution
		HideSolutionNode = FALSE
	EndGlobalSection
	GlobalSection(ExtensibilityGlobals) = postSolution
		SolutionGuid = {6E300DBA-BD9A-48C2-9C07-28A150A57860}
	EndGlobalSection
EndGlobal
